
Microsoft Visual Studio Solution File, Format Version 12.00
# Visual Studio Version 16
VisualStudioVersion = 16.0.30717.126
MinimumVisualStudioVersion = 10.0.40219.1
Project("{FAE04EC0-301F-11D3-BF4B-00C04F79EFBC}") = "MatchGame", "MatchGame\MatchGame.csproj", "{D18D0CE3-0288-44CE-8C4C-204B559E0FE0}"
EndProject
Global
	GlobalSection(SolutionConfigurationPlatforms) = preSolution
		Debug|Any CPU = Debug|Any CPU
		Release|Any CPU = Release|Any CPU
	EndGlobalSection
	GlobalSection(ProjectConfigurationPlatforms) = postSolution
		{D18D0CE3-0288-44CE-8C4C-204B559E0FE0}.Debug|Any CPU.ActiveCfg = Debug|Any CPU
		{D18D0CE3-0288-44CE-8C4C-204B559E0FE0}.Debug|Any CPU.Build.0 = Debug|Any CPU
		{D18D0CE3-0288-44CE-8C4C-204B559E0FE0}.Release|Any CPU.ActiveCfg = Release|Any CPU
		{D18D0CE3-0288-44CE-8C4C-204B559E0FE0}.Release|Any CPU.Build.0 = Release|Any CPU
	EndGlobalSection
	GlobalSection(SolutionProperties) = preSolution
		HideSolutionNode = FALSE
	EndGlobalSection
	GlobalSection(ExtensibilityGlobals) = postSolution
		SolutionGuid = {139BA7B1-9E95-4145-8D42-AD36FCEF5679}
	EndGlobalSection
EndGlobal
